// !$*UTF8*$!
{
	archiveVersion = 1;
	classes = {
	};
	objectVersion = 46;
	objects = {

/* Begin PBXBuildFile section */
		FE5D6E961545484600ABEB29 /* UIKit.framework in Frameworks */ = {isa = PBXBuildFile; fileRef = FE5D6E951545484600ABEB29 /* UIKit.framework */; };
		FE5D6E981545484600ABEB29 /* Foundation.framework in Frameworks */ = {isa = PBXBuildFile; fileRef = FE5D6E971545484600ABEB29 /* Foundation.framework */; };
		FE5D6E9A1545484600ABEB29 /* CoreGraphics.framework in Frameworks */ = {isa = PBXBuildFile; fileRef = FE5D6E991545484600ABEB29 /* CoreGraphics.framework */; };
		FE5D6EA01545484600ABEB29 /* InfoPlist.strings in Resources */ = {isa = PBXBuildFile; fileRef = FE5D6E9E1545484600ABEB29 /* InfoPlist.strings */; };
		FE5D6EA21545484600ABEB29 /* main.m in Sources */ = {isa = PBXBuildFile; fileRef = FE5D6EA11545484600ABEB29 /* main.m */; };
		FE5D6EA61545484600ABEB29 /* AGAppDelegate.m in Sources */ = {isa = PBXBuildFile; fileRef = FE5D6EA51545484600ABEB29 /* AGAppDelegate.m */; };
		FE5D6EA91545484600ABEB29 /* AGViewController.m in Sources */ = {isa = PBXBuildFile; fileRef = FE5D6EA81545484600ABEB29 /* AGViewController.m */; };
		FE5D6EAC1545484600ABEB29 /* AGViewController_iPhone.xib in Resources */ = {isa = PBXBuildFile; fileRef = FE5D6EAA1545484600ABEB29 /* AGViewController_iPhone.xib */; };
		FE5D6EAF1545484600ABEB29 /* AGViewController_iPad.xib in Resources */ = {isa = PBXBuildFile; fileRef = FE5D6EAD1545484600ABEB29 /* AGViewController_iPad.xib */; };
		FE5D6EB8154548AF00ABEB29 /* AGAlertViewWithProgressbar.m in Sources */ = {isa = PBXBuildFile; fileRef = FE5D6EB7154548AF00ABEB29 /* AGAlertViewWithProgressbar.m */; };
		FE5D6EBA1545490500ABEB29 /* LICENSE in Resources */ = {isa = PBXBuildFile; fileRef = FE5D6EB91545490500ABEB29 /* LICENSE */; };
/* End PBXBuildFile section */

/* Begin PBXFileReference section */
		FE5D6E911545484600ABEB29 /* AGAlertViewWithProgressbar Demo.app */ = {isa = PBXFileReference; explicitFileType = wrapper.application; includeInIndex = 0; path = "AGAlertViewWithProgressbar Demo.app"; sourceTree = BUILT_PRODUCTS_DIR; };
		FE5D6E951545484600ABEB29 /* UIKit.framework */ = {isa = PBXFileReference; lastKnownFileType = wrapper.framework; name = UIKit.framework; path = System/Library/Frameworks/UIKit.framework; sourceTree = SDKROOT; };
		FE5D6E971545484600ABEB29 /* Foundation.framework */ = {isa = PBXFileReference; lastKnownFileType = wrapper.framework; name = Foundation.framework; path = System/Library/Frameworks/Foundation.framework; sourceTree = SDKROOT; };
		FE5D6E991545484600ABEB29 /* CoreGraphics.framework */ = {isa = PBXFileReference; lastKnownFileType = wrapper.framework; name = CoreGraphics.framework; path = System/Library/Frameworks/CoreGraphics.framework; sourceTree = SDKROOT; };
		FE5D6E9D1545484600ABEB29 /* AGAlertViewWithProgressbar Demo-Info.plist */ = {isa = PBXFileReference; lastKnownFileType = text.plist.xml; path = "AGAlertViewWithProgressbar Demo-Info.plist"; sourceTree = "<group>"; };
		FE5D6E9F1545484600ABEB29 /* en */ = {isa = PBXFileReference; lastKnownFileType = text.plist.strings; name = en; path = en.lproj/InfoPlist.strings; sourceTree = "<group>"; };
		FE5D6EA11545484600ABEB29 /* main.m */ = {isa = PBXFileReference; lastKnownFileType = sourcecode.c.objc; path = main.m; sourceTree = "<group>"; };
		FE5D6EA31545484600ABEB29 /* AGAlertViewWithProgressbar Demo-Prefix.pch */ = {isa = PBXFileReference; lastKnownFileType = sourcecode.c.h; path = "AGAlertViewWithProgressbar Demo-Prefix.pch"; sourceTree = "<group>"; };
		FE5D6EA41545484600ABEB29 /* AGAppDelegate.h */ = {isa = PBXFileReference; lastKnownFileType = sourcecode.c.h; path = AGAppDelegate.h; sourceTree = "<group>"; };
		FE5D6EA51545484600ABEB29 /* AGAppDelegate.m */ = {isa = PBXFileReference; lastKnownFileType = sourcecode.c.objc; path = AGAppDelegate.m; sourceTree = "<group>"; };
		FE5D6EA71545484600ABEB29 /* AGViewController.h */ = {isa = PBXFileReference; lastKnownFileType = sourcecode.c.h; path = AGViewController.h; sourceTree = "<group>"; };
		FE5D6EA81545484600ABEB29 /* AGViewController.m */ = {isa = PBXFileReference; lastKnownFileType = sourcecode.c.objc; path = AGViewController.m; sourceTree = "<group>"; };
		FE5D6EAB1545484600ABEB29 /* en */ = {isa = PBXFileReference; lastKnownFileType = file.xib; name = en; path = en.lproj/AGViewController_iPhone.xib; sourceTree = "<group>"; };
		FE5D6EAE1545484600ABEB29 /* en */ = {isa = PBXFileReference; lastKnownFileType = file.xib; name = en; path = en.lproj/AGViewController_iPad.xib; sourceTree = "<group>"; };
		FE5D6EB6154548AF00ABEB29 /* AGAlertViewWithProgressbar.h */ = {isa = PBXFileReference; fileEncoding = 4; lastKnownFileType = sourcecode.c.h; path = AGAlertViewWithProgressbar.h; sourceTree = "<group>"; };
		FE5D6EB7154548AF00ABEB29 /* AGAlertViewWithProgressbar.m */ = {isa = PBXFileReference; fileEncoding = 4; lastKnownFileType = sourcecode.c.objc; path = AGAlertViewWithProgressbar.m; sourceTree = "<group>"; };
		FE5D6EB91545490500ABEB29 /* LICENSE */ = {isa = PBXFileReference; fileEncoding = 4; lastKnownFileType = text; path = LICENSE; sourceTree = "<group>"; };
/* End PBXFileReference section */

/* Begin PBXFrameworksBuildPhase section */
		FE5D6E8E1545484600ABEB29 /* Frameworks */ = {
			isa = PBXFrameworksBuildPhase;
			buildActionMask = 2147483647;
			files = (
				FE5D6E961545484600ABEB29 /* UIKit.framework in Frameworks */,
				FE5D6E981545484600ABEB29 /* Foundation.framework in Frameworks */,
				FE5D6E9A1545484600ABEB29 /* CoreGraphics.framework in Frameworks */,
			);
			runOnlyForDeploymentPostprocessing = 0;
		};
/* End PBXFrameworksBuildPhase section */

/* Begin PBXGroup section */
		FE5D6E861545484600ABEB29 = {
			isa = PBXGroup;
			children = (
				FE5D6EB5154548AF00ABEB29 /* AGAlertViewWithProgressbar */,
				FE5D6E9B1545484600ABEB29 /* AGAlertViewWithProgressbar Demo */,
				FE5D6E941545484600ABEB29 /* Frameworks */,
				FE5D6E921545484600ABEB29 /* Products */,
			);
			sourceTree = "<group>";
		};
		FE5D6E921545484600ABEB29 /* Products */ = {
			isa = PBXGroup;
			children = (
				FE5D6E911545484600ABEB29 /* AGAlertViewWithProgressbar Demo.app */,
			);
			name = Products;
			sourceTree = "<group>";
		};
		FE5D6E941545484600ABEB29 /* Frameworks */ = {
			isa = PBXGroup;
			children = (
				FE5D6E951545484600ABEB29 /* UIKit.framework */,
				FE5D6E971545484600ABEB29 /* Foundation.framework */,
				FE5D6E991545484600ABEB29 /* CoreGraphics.framework */,
			);
			name = Frameworks;
			sourceTree = "<group>";
		};
		FE5D6E9B1545484600ABEB29 /* AGAlertViewWithProgressbar Demo */ = {
			isa = PBXGroup;
			children = (
				FE5D6EA41545484600ABEB29 /* AGAppDelegate.h */,
				FE5D6EA51545484600ABEB29 /* AGAppDelegate.m */,
				FE5D6EA71545484600ABEB29 /* AGViewController.h */,
				FE5D6EA81545484600ABEB29 /* AGViewController.m */,
				FE5D6EAA1545484600ABEB29 /* AGViewController_iPhone.xib */,
				FE5D6EAD1545484600ABEB29 /* AGViewController_iPad.xib */,
				FE5D6E9C1545484600ABEB29 /* Supporting Files */,
			);
			path = "AGAlertViewWithProgressbar Demo";
			sourceTree = "<group>";
		};
		FE5D6E9C1545484600ABEB29 /* Supporting Files */ = {
			isa = PBXGroup;
			children = (
				FE5D6E9D1545484600ABEB29 /* AGAlertViewWithProgressbar Demo-Info.plist */,
				FE5D6E9E1545484600ABEB29 /* InfoPlist.strings */,
				FE5D6EA11545484600ABEB29 /* main.m */,
				FE5D6EA31545484600ABEB29 /* AGAlertViewWithProgressbar Demo-Prefix.pch */,
			);
			name = "Supporting Files";
			sourceTree = "<group>";
		};
		FE5D6EB5154548AF00ABEB29 /* AGAlertViewWithProgressbar */ = {
			isa = PBXGroup;
			children = (
				FE5D6EB6154548AF00ABEB29 /* AGAlertViewWithProgressbar.h */,
				FE5D6EB7154548AF00ABEB29 /* AGAlertViewWithProgressbar.m */,
				FE5D6EB91545490500ABEB29 /* LICENSE */,
			);
			path = AGAlertViewWithProgressbar;
			sourceTree = "<group>";
		};
/* End PBXGroup section */

/* Begin PBXNativeTarget section */
		FE5D6E901545484600ABEB29 /* AGAlertViewWithProgressbar Demo */ = {
			isa = PBXNativeTarget;
			buildConfigurationList = FE5D6EB21545484600ABEB29 /* Build configuration list for PBXNativeTarget "AGAlertViewWithProgressbar Demo" */;
			buildPhases = (
				FE5D6E8D1545484600ABEB29 /* Sources */,
				FE5D6E8E1545484600ABEB29 /* Frameworks */,
				FE5D6E8F1545484600ABEB29 /* Resources */,
			);
			buildRules = (
			);
			dependencies = (
			);
			name = "AGAlertViewWithProgressbar Demo";
			productName = "AGAlertViewWithProgressbar Demo";
			productReference = FE5D6E911545484600ABEB29 /* AGAlertViewWithProgressbar Demo.app */;
			productType = "com.apple.product-type.application";
		};
/* End PBXNativeTarget section */

/* Begin PBXProject section */
		FE5D6E881545484600ABEB29 /* Project object */ = {
			isa = PBXProject;
			attributes = {
				CLASSPREFIX = AG;
				LastUpgradeCheck = 0430;
				ORGANIZATIONNAME = "Artur Grigor";
			};
			buildConfigurationList = FE5D6E8B1545484600ABEB29 /* Build configuration list for PBXProject "AGAlertViewWithProgressbar Demo" */;
			compatibilityVersion = "Xcode 3.2";
			developmentRegion = English;
			hasScannedForEncodings = 0;
			knownRegions = (
				en,
			);
			mainGroup = FE5D6E861545484600ABEB29;
			productRefGroup = FE5D6E921545484600ABEB29 /* Products */;
			projectDirPath = "";
			projectRoot = "";
			targets = (
				FE5D6E901545484600ABEB29 /* AGAlertViewWithProgressbar Demo */,
			);
		};
/* End PBXProject section */

/* Begin PBXResourcesBuildPhase section */
		FE5D6E8F1545484600ABEB29 /* Resources */ = {
			isa = PBXResourcesBuildPhase;
			buildActionMask = 2147483647;
			files = (
				FE5D6EA01545484600ABEB29 /* InfoPlist.strings in Resources */,
				FE5D6EAC1545484600ABEB29 /* AGViewController_iPhone.xib in Resources */,
				FE5D6EAF1545484600ABEB29 /* AGViewController_iPad.xib in Resources */,
				FE5D6EBA1545490500ABEB29 /* LICENSE in Resources */,
			);
			runOnlyForDeploymentPostprocessing = 0;
		};
/* End PBXResourcesBuildPhase section */

/* Begin PBXSourcesBuildPhase section */
		FE5D6E8D1545484600ABEB29 /* Sources */ = {
			isa = PBXSourcesBuildPhase;
			buildActionMask = 2147483647;
			files = (
				FE5D6EA21545484600ABEB29 /* main.m in Sources */,
				FE5D6EA61545484600ABEB29 /* AGAppDelegate.m in Sources */,
				FE5D6EA91545484600ABEB29 /* AGViewController.m in Sources */,
				FE5D6EB8154548AF00ABEB29 /* AGAlertViewWithProgressbar.m in Sources */,
			);
			runOnlyForDeploymentPostprocessing = 0;
		};
/* End PBXSourcesBuildPhase section */

/* Begin PBXVariantGroup section */
		FE5D6E9E1545484600ABEB29 /* InfoPlist.strings */ = {
			isa = PBXVariantGroup;
			children = (
				FE5D6E9F1545484600ABEB29 /* en */,
			);
			name = InfoPlist.strings;
			sourceTree = "<group>";
		};
		FE5D6EAA1545484600ABEB29 /* AGViewController_iPhone.xib */ = {
			isa = PBXVariantGroup;
			children = (
				FE5D6EAB1545484600ABEB29 /* en */,
			);
			name = AGViewController_iPhone.xib;
			sourceTree = "<group>";
		};
		FE5D6EAD1545484600ABEB29 /* AGViewController_iPad.xib */ = {
			isa = PBXVariantGroup;
			children = (
				FE5D6EAE1545484600ABEB29 /* en */,
			);
			name = AGViewController_iPad.xib;
			sourceTree = "<group>";
		};
/* End PBXVariantGroup section */

/* Begin XCBuildConfiguration section */
		FE5D6EB01545484600ABEB29 /* Debug */ = {
			isa = XCBuildConfiguration;
			buildSettings = {
				ALWAYS_SEARCH_USER_PATHS = NO;
				ARCHS = "$(ARCHS_STANDARD_32_BIT)";
				"CODE_SIGN_IDENTITY[sdk=iphoneos*]" = "";
				COPY_PHASE_STRIP = NO;
				GCC_C_LANGUAGE_STANDARD = gnu99;
				GCC_DYNAMIC_NO_PIC = NO;
				GCC_OPTIMIZATION_LEVEL = 0;
				GCC_PREPROCESSOR_DEFINITIONS = (
					"DEBUG=1",
					"$(inherited)",
				);
				GCC_SYMBOLS_PRIVATE_EXTERN = NO;
				GCC_VERSION = com.apple.compilers.llvm.clang.1_0;
				GCC_WARN_ABOUT_RETURN_TYPE = YES;
				GCC_WARN_UNINITIALIZED_AUTOS = YES;
				GCC_WARN_UNUSED_VARIABLE = YES;
				IPHONEOS_DEPLOYMENT_TARGET = 5.1;
				SDKROOT = iphoneos;
				TARGETED_DEVICE_FAMILY = "1,2";
			};
			name = Debug;
		};
		FE5D6EB11545484600ABEB29 /* Release */ = {
			isa = XCBuildConfiguration;
			buildSettings = {
				ALWAYS_SEARCH_USER_PATHS = NO;
				ARCHS = "$(ARCHS_STANDARD_32_BIT)";
				"CODE_SIGN_IDENTITY[sdk=iphoneos*]" = "";
				COPY_PHASE_STRIP = YES;
				GCC_C_LANGUAGE_STANDARD = gnu99;
				GCC_VERSION = com.apple.compilers.llvm.clang.1_0;
				GCC_WARN_ABOUT_RETURN_TYPE = YES;
				GCC_WARN_UNINITIALIZED_AUTOS = YES;
				GCC_WARN_UNUSED_VARIABLE = YES;
				IPHONEOS_DEPLOYMENT_TARGET = 5.1;
				OTHER_CFLAGS = "-DNS_BLOCK_ASSERTIONS=1";
				SDKROOT = iphoneos;
				TARGETED_DEVICE_FAMILY = "1,2";
				VALIDATE_PRODUCT = YES;
			};
			name = Release;
		};
		FE5D6EB31545484600ABEB29 /* Debug */ = {
			isa = XCBuildConfiguration;
			buildSettings = {
				"CODE_SIGN_IDENTITY[sdk=iphoneos*]" = "";
				GCC_PRECOMPILE_PREFIX_HEADER = YES;
				GCC_PREFIX_HEADER = "AGAlertViewWithProgressbar Demo/AGAlertViewWithProgressbar Demo-Prefix.pch";
				INFOPLIST_FILE = "AGAlertViewWithProgressbar Demo/AGAlertViewWithProgressbar Demo-Info.plist";
				PRODUCT_NAME = "$(TARGET_NAME)";
				WRAPPER_EXTENSION = app;
			};
			name = Debug;
		};
		FE5D6EB41545484600ABEB29 /* Release */ = {
			isa = XCBuildConfiguration;
			buildSettings = {
				GCC_PRECOMPILE_PREFIX_HEADER = YES;
				GCC_PREFIX_HEADER = "AGAlertViewWithProgressbar Demo/AGAlertViewWithProgressbar Demo-Prefix.pch";
				INFOPLIST_FILE = "AGAlertViewWithProgressbar Demo/AGAlertViewWithProgressbar Demo-Info.plist";
				PRODUCT_NAME = "$(TARGET_NAME)";
				WRAPPER_EXTENSION = app;
			};
			name = Release;
		};
/* End XCBuildConfiguration section */

/* Begin XCConfigurationList section */
		FE5D6E8B1545484600ABEB29 /* Build configuration list for PBXProject "AGAlertViewWithProgressbar Demo" */ = {
			isa = XCConfigurationList;
			buildConfigurations = (
				FE5D6EB01545484600ABEB29 /* Debug */,
				FE5D6EB11545484600ABEB29 /* Release */,
			);
			defaultConfigurationIsVisible = 0;
			defaultConfigurationName = Release;
		};
		FE5D6EB21545484600ABEB29 /* Build configuration list for PBXNativeTarget "AGAlertViewWithProgressbar Demo" */ = {
			isa = XCConfigurationList;
			buildConfigurations = (
				FE5D6EB31545484600ABEB29 /* Debug */,
				FE5D6EB41545484600ABEB29 /* Release */,
			);
			defaultConfigurationIsVisible = 0;
			defaultConfigurationName = Release;
		};
/* End XCConfigurationList section */
	};
	rootObject = FE5D6E881545484600ABEB29 /* Project object */;
}
